
Microsoft Visual Studio Solution File, Format Version 12.00
# Visual Studio Version 16
VisualStudioVersion = 16.0.30907.101
MinimumVisualStudioVersion = 10.0.40219.1
Project("{FAE04EC0-301F-11D3-BF4B-00C04F79EFBC}") = "Training", "Training\Training.csproj", "{59BAA409-76A5-485D-B74F-685B86839608}"
EndProject
Project("{FAE04EC0-301F-11D3-BF4B-00C04F79EFBC}") = "CheckSudokuBoard", "BoardForSudoku\CheckSudokuBoard.csproj", "{4C9E2BA4-09AE-4985-8190-EF5296316CCA}"
EndProject
Global
	GlobalSection(SolutionConfigurationPlatforms) = preSolution
		Debug|Any CPU = Debug|Any CPU
		Release|Any CPU = Release|Any CPU
	EndGlobalSection
	GlobalSection(ProjectConfigurationPlatforms) = postSolution
		{59BAA409-76A5-485D-B74F-685B86839608}.Debug|Any CPU.ActiveCfg = Debug|Any CPU
		{59BAA409-76A5-485D-B74F-685B86839608}.Debug|Any CPU.Build.0 = Debug|Any CPU
		{59BAA409-76A5-485D-B74F-685B86839608}.Release|Any CPU.ActiveCfg = Release|Any CPU
		{59BAA409-76A5-485D-B74F-685B86839608}.Release|Any CPU.Build.0 = Release|Any CPU
		{4C9E2BA4-09AE-4985-8190-EF5296316CCA}.Debug|Any CPU.ActiveCfg = Debug|Any CPU
		{4C9E2BA4-09AE-4985-8190-EF5296316CCA}.Debug|Any CPU.Build.0 = Debug|Any CPU
		{4C9E2BA4-09AE-4985-8190-EF5296316CCA}.Release|Any CPU.ActiveCfg = Release|Any CPU
		{4C9E2BA4-09AE-4985-8190-EF5296316CCA}.Release|Any CPU.Build.0 = Release|Any CPU
	EndGlobalSection
	GlobalSection(SolutionProperties) = preSolution
		HideSolutionNode = FALSE
	EndGlobalSection
	GlobalSection(ExtensibilityGlobals) = postSolution
		SolutionGuid = {4C5457BA-CD2D-4E12-8200-E7C526623803}
	EndGlobalSection
EndGlobal
